github.com/Sotaneum/go-create-folder v0.0.1 h1:Ycqyo68lU/dkI9Zw0/2zM50g0CCpA++6QmgRgQ0CCFg=
github.com/Sotaneum/go-create-folder v0.0.1/go.mod h1:YqVjDTKpNdK9dTy7tWPke97WxhQxTzsVuMkG5U1BC1g=
github.com/Sotaneum/go-json-file v0.0.0-20210918004840-2b44ab774ac1 h1:re5DVIUF/fPu2vQnVU/TtnPVFqN1mH02sOv/RgzUVH0=
github.com/Sotaneum/go-json-file v0.0.0-20210918004840-2b44ab774ac1/go.mod h1:KPqhbbR3JxjkfYJ36WGwVTecM8f4ONUbYFHY0Z5m20U=
github.com/Sotaneum/go-kst-time v0.0.0-20210917180837-4af7bba542bc h1:vLFTyeBlR45nTxLIGVKDwdaO5lniF5kOuBWc/ctn0TE=
github.com/Sotaneum/go-kst-time v0.0.0-20210917180837-4af7bba542bc/go.mod h1:Q+kh1LMunMi/EGYAdr2YXJMJgOGQNFHOdVMeZLVaa8g=
github.com/gorhill/cronexpr v0.0.0-20180427100037-88b0669f7d75 h1:f0n1xnMSmBLzVfsMMvriDyA75NB/oBgILX2GcHXIQzY=
github.com/gorhill/cronexpr v0.0.0-20180427100037-88b0669f7d75/go.mod h1:g2644b03hfBX9Ov0ZBDgXXens4rxSxmqFBbhvKv2yVA=
